
Microsoft Visual Studio Solution File, Format Version 12.00
# Visual Studio Version 16
VisualStudioVersion = 16.0.29709.97
MinimumVisualStudioVersion = 10.0.40219.1
Project("{FAE04EC0-301F-11D3-BF4B-00C04F79EFBC}") = "Restaurants", "Restaurants\Restaurants.csproj", "{0CBD94DD-DFFB-4BEC-B510-81BB990EF13C}"
EndProject
Global
	GlobalSection(SolutionConfigurationPlatforms) = preSolution
		Debug|Any CPU = Debug|Any CPU
		Release|Any CPU = Release|Any CPU
	EndGlobalSection
	GlobalSection(ProjectConfigurationPlatforms) = postSolution
		{0CBD94DD-DFFB-4BEC-B510-81BB990EF13C}.Debug|Any CPU.ActiveCfg = Debug|Any CPU
		{0CBD94DD-DFFB-4BEC-B510-81BB990EF13C}.Debug|Any CPU.Build.0 = Debug|Any CPU
		{0CBD94DD-DFFB-4BEC-B510-81BB990EF13C}.Release|Any CPU.ActiveCfg = Release|Any CPU
		{0CBD94DD-DFFB-4BEC-B510-81BB990EF13C}.Release|Any CPU.Build.0 = Release|Any CPU
	EndGlobalSection
	GlobalSection(SolutionProperties) = preSolution
		HideSolutionNode = FALSE
	EndGlobalSection
	GlobalSection(ExtensibilityGlobals) = postSolution
		SolutionGuid = {047DF2F7-9B6B-466F-B7B9-897B9CE7A28A}
	EndGlobalSection
EndGlobal
